
Microsoft Visual Studio Solution File, Format Version 12.00
# Visual Studio Version 16
VisualStudioVersion = 16.0.32413.511
MinimumVisualStudioVersion = 10.0.40219.1
Project("{FAE04EC0-301F-11D3-BF4B-00C04F79EFBC}") = "Patika_Assignment1", "Patika_Assignment1\Patika_Assignment1.csproj", "{18CAEE9C-615F-4560-8516-EA9CE8DB084E}"
EndProject
Global
	GlobalSection(SolutionConfigurationPlatforms) = preSolution
		Debug|Any CPU = Debug|Any CPU
		Release|Any CPU = Release|Any CPU
	EndGlobalSection
	GlobalSection(ProjectConfigurationPlatforms) = postSolution
		{18CAEE9C-615F-4560-8516-EA9CE8DB084E}.Debug|Any CPU.ActiveCfg = Debug|Any CPU
		{18CAEE9C-615F-4560-8516-EA9CE8DB084E}.Debug|Any CPU.Build.0 = Debug|Any CPU
		{18CAEE9C-615F-4560-8516-EA9CE8DB084E}.Release|Any CPU.ActiveCfg = Release|Any CPU
		{18CAEE9C-615F-4560-8516-EA9CE8DB084E}.Release|Any CPU.Build.0 = Release|Any CPU
	EndGlobalSection
	GlobalSection(SolutionProperties) = preSolution
		HideSolutionNode = FALSE
	EndGlobalSection
	GlobalSection(ExtensibilityGlobals) = postSolution
		SolutionGuid = {75A4155C-6156-404B-B1D3-A611827146C4}
	EndGlobalSection
EndGlobal
